
Microsoft Visual Studio Solution File, Format Version 12.00
# Visual Studio 2013
VisualStudioVersion = 12.0.21005.1
MinimumVisualStudioVersion = 10.0.40219.1
Project("{FAE04EC0-301F-11D3-BF4B-00C04F79EFBC}") = "SampleApp", "SampleApp.csproj", "{92AE1EDB-31D2-45D7-A9F8-BC8768592DAA}"
EndProject
Project("{2150E333-8FDC-42A3-9474-1A3956D46DE8}") = ".nuget", ".nuget", "{D699C4A1-AB05-4E26-93B7-81C95241DB09}"
	ProjectSection(SolutionItems) = preProject
		.nuget\NuGet.Config = .nuget\NuGet.Config
		.nuget\NuGet.exe = .nuget\NuGet.exe
		.nuget\NuGet.targets = .nuget\NuGet.targets
	EndProjectSection
EndProject
Global
	GlobalSection(SolutionConfigurationPlatforms) = preSolution
		Debug|Any CPU = Debug|Any CPU
		Release|Any CPU = Release|Any CPU
	EndGlobalSection
	GlobalSection(ProjectConfigurationPlatforms) = postSolution
		{92AE1EDB-31D2-45D7-A9F8-BC8768592DAA}.Debug|Any CPU.ActiveCfg = Debug|Any CPU
		{92AE1EDB-31D2-45D7-A9F8-BC8768592DAA}.Debug|Any CPU.Build.0 = Debug|Any CPU
		{92AE1EDB-31D2-45D7-A9F8-BC8768592DAA}.Release|Any CPU.ActiveCfg = Release|Any CPU
		{92AE1EDB-31D2-45D7-A9F8-BC8768592DAA}.Release|Any CPU.Build.0 = Release|Any CPU
	EndGlobalSection
	GlobalSection(SolutionProperties) = preSolution
		HideSolutionNode = FALSE
	EndGlobalSection
EndGlobal
